
Microsoft Visual Studio Solution File, Format Version 12.00
# Visual Studio Version 17
VisualStudioVersion = 17.4.33213.308
MinimumVisualStudioVersion = 10.0.40219.1
Project("{2150E333-8FDC-42A3-9474-1A3956D46DE8}") = "Services", "Services", "{9A8C2A2D-98B6-4CD9-BAE3-538C6B45AF31}"
EndProject
Project("{2150E333-8FDC-42A3-9474-1A3956D46DE8}") = "Solution Items", "Solution Items", "{392494EC-68A1-4F10-93E9-070571A95DF8}"
	ProjectSection(SolutionItems) = preProject
		.editorconfig = .editorconfig
	EndProjectSection
EndProject
Project("{2150E333-8FDC-42A3-9474-1A3956D46DE8}") = "University", "University", "{63770025-93C0-4256-AEAA-01296FF849DA}"
EndProject
Project("{9A19103F-16F7-4668-BE54-9A1E7A4F7556}") = "University.Domain", "Services\University\University.Domain\University.Domain.csproj", "{AADA03B5-CB00-4759-A341-C84DC73C336F}"
EndProject
Project("{9A19103F-16F7-4668-BE54-9A1E7A4F7556}") = "University.Application", "Services\University\University.Application\University.Application.csproj", "{592FA111-4488-4765-BC1C-6DA92985BEF5}"
EndProject
Project("{9A19103F-16F7-4668-BE54-9A1E7A4F7556}") = "University.Infrasturcture", "Services\University\University.Infrasturcture\University.Infrasturcture.csproj", "{ECC0EA59-BC8A-4C1F-82C1-B5A4D3792710}"
EndProject
Project("{9A19103F-16F7-4668-BE54-9A1E7A4F7556}") = "University.Api", "Services\University\University.Api\University.Api.csproj", "{2E84C6C4-0C61-4A9F-995E-A118C7F7AD64}"
EndProject
Project("{2150E333-8FDC-42A3-9474-1A3956D46DE8}") = "Financial", "Financial", "{F415ECB4-1FFA-4A1D-A979-E3F5A993DC06}"
EndProject
Project("{9A19103F-16F7-4668-BE54-9A1E7A4F7556}") = "Financial.Domain", "Services\Financial\Financial.Domain\Financial.Domain.csproj", "{68250868-B947-4252-8C2C-5FE7CD4C8EE2}"
EndProject
Project("{9A19103F-16F7-4668-BE54-9A1E7A4F7556}") = "Financial.Application", "Services\Financial\Financial.Application\Financial.Application.csproj", "{A7E841C1-700E-4ED1-BC87-EA38FB7CAEEA}"
EndProject
Project("{9A19103F-16F7-4668-BE54-9A1E7A4F7556}") = "Financial.Infrastructure", "Services\Financial\Financial.Infrastructure\Financial.Infrastructure.csproj", "{3A9137A3-7987-43B5-B293-A5024F817A28}"
EndProject
Project("{9A19103F-16F7-4668-BE54-9A1E7A4F7556}") = "Financial.Api", "Services\Financial\Financial.Api\Financial.Api.csproj", "{E58BBC2F-8F3A-4B40-B085-BB1635C825DB}"
EndProject
Project("{9A19103F-16F7-4668-BE54-9A1E7A4F7556}") = "Financial.Grpc", "Services\Financial\Financial.Grpc\Financial.Grpc.csproj", "{DF621991-9056-4A68-8E96-3CE5BB795106}"
EndProject
Project("{2150E333-8FDC-42A3-9474-1A3956D46DE8}") = "BuildingBlocks", "BuildingBlocks", "{8EFA7B79-D7FF-4C93-ABE5-CC2EAB72A739}"
EndProject
Project("{9A19103F-16F7-4668-BE54-9A1E7A4F7556}") = "ValidationHelpers", "BuildingBlocks\ValidationHelpers\ValidationHelpers.csproj", "{01121491-7E33-4380-A368-AAB103588685}"
EndProject
Project("{9A19103F-16F7-4668-BE54-9A1E7A4F7556}") = "GeneralHelpers", "BuildingBlocks\GeneralHelpers\GeneralHelpers.csproj", "{BEA41749-FDE3-455D-AF4B-E794233D1B25}"
EndProject
Project("{9A19103F-16F7-4668-BE54-9A1E7A4F7556}") = "MediatRHelpers", "BuildingBlocks\MediatRHelpers\MediatRHelpers.csproj", "{7E3B569B-2208-42A9-A818-C4315D652E58}"
EndProject
Project("{9A19103F-16F7-4668-BE54-9A1E7A4F7556}") = "AspNetHelpers", "BuildingBlocks\AspNetHelpers\AspNetHelpers.csproj", "{E826960C-C79E-4784-BC24-D46CEFF06273}"
EndProject
Project("{9A19103F-16F7-4668-BE54-9A1E7A4F7556}") = "DataAccessHelper.Abstraction", "BuildingBlocks\DataAccessHelper.Abstraction\DataAccessHelper.Abstraction.csproj", "{EB595EDC-EAF8-40DE-BFD9-83E36878BFD2}"
EndProject
Project("{9A19103F-16F7-4668-BE54-9A1E7A4F7556}") = "DomainHelpers", "BuildingBlocks\DomainHelpers\DomainHelpers.csproj", "{E4F8680E-A959-4E97-8B5F-107B75E83278}"
EndProject
Global
	GlobalSection(SolutionConfigurationPlatforms) = preSolution
		Debug|Any CPU = Debug|Any CPU
		Release|Any CPU = Release|Any CPU
	EndGlobalSection
	GlobalSection(ProjectConfigurationPlatforms) = postSolution
		{AADA03B5-CB00-4759-A341-C84DC73C336F}.Debug|Any CPU.ActiveCfg = Debug|Any CPU
		{AADA03B5-CB00-4759-A341-C84DC73C336F}.Debug|Any CPU.Build.0 = Debug|Any CPU
		{AADA03B5-CB00-4759-A341-C84DC73C336F}.Release|Any CPU.ActiveCfg = Release|Any CPU
		{AADA03B5-CB00-4759-A341-C84DC73C336F}.Release|Any CPU.Build.0 = Release|Any CPU
		{592FA111-4488-4765-BC1C-6DA92985BEF5}.Debug|Any CPU.ActiveCfg = Debug|Any CPU
		{592FA111-4488-4765-BC1C-6DA92985BEF5}.Debug|Any CPU.Build.0 = Debug|Any CPU
		{592FA111-4488-4765-BC1C-6DA92985BEF5}.Release|Any CPU.ActiveCfg = Release|Any CPU
		{592FA111-4488-4765-BC1C-6DA92985BEF5}.Release|Any CPU.Build.0 = Release|Any CPU
		{ECC0EA59-BC8A-4C1F-82C1-B5A4D3792710}.Debug|Any CPU.ActiveCfg = Debug|Any CPU
		{ECC0EA59-BC8A-4C1F-82C1-B5A4D3792710}.Debug|Any CPU.Build.0 = Debug|Any CPU
		{ECC0EA59-BC8A-4C1F-82C1-B5A4D3792710}.Release|Any CPU.ActiveCfg = Release|Any CPU
		{ECC0EA59-BC8A-4C1F-82C1-B5A4D3792710}.Release|Any CPU.Build.0 = Release|Any CPU
		{2E84C6C4-0C61-4A9F-995E-A118C7F7AD64}.Debug|Any CPU.ActiveCfg = Debug|Any CPU
		{2E84C6C4-0C61-4A9F-995E-A118C7F7AD64}.Debug|Any CPU.Build.0 = Debug|Any CPU
		{2E84C6C4-0C61-4A9F-995E-A118C7F7AD64}.Release|Any CPU.ActiveCfg = Release|Any CPU
		{2E84C6C4-0C61-4A9F-995E-A118C7F7AD64}.Release|Any CPU.Build.0 = Release|Any CPU
		{68250868-B947-4252-8C2C-5FE7CD4C8EE2}.Debug|Any CPU.ActiveCfg = Debug|Any CPU
		{68250868-B947-4252-8C2C-5FE7CD4C8EE2}.Debug|Any CPU.Build.0 = Debug|Any CPU
		{68250868-B947-4252-8C2C-5FE7CD4C8EE2}.Release|Any CPU.ActiveCfg = Release|Any CPU
		{68250868-B947-4252-8C2C-5FE7CD4C8EE2}.Release|Any CPU.Build.0 = Release|Any CPU
		{A7E841C1-700E-4ED1-BC87-EA38FB7CAEEA}.Debug|Any CPU.ActiveCfg = Debug|Any CPU
		{A7E841C1-700E-4ED1-BC87-EA38FB7CAEEA}.Debug|Any CPU.Build.0 = Debug|Any CPU
		{A7E841C1-700E-4ED1-BC87-EA38FB7CAEEA}.Release|Any CPU.ActiveCfg = Release|Any CPU
		{A7E841C1-700E-4ED1-BC87-EA38FB7CAEEA}.Release|Any CPU.Build.0 = Release|Any CPU
		{3A9137A3-7987-43B5-B293-A5024F817A28}.Debug|Any CPU.ActiveCfg = Debug|Any CPU
		{3A9137A3-7987-43B5-B293-A5024F817A28}.Debug|Any CPU.Build.0 = Debug|Any CPU
		{3A9137A3-7987-43B5-B293-A5024F817A28}.Release|Any CPU.ActiveCfg = Release|Any CPU
		{3A9137A3-7987-43B5-B293-A5024F817A28}.Release|Any CPU.Build.0 = Release|Any CPU
		{E58BBC2F-8F3A-4B40-B085-BB1635C825DB}.Debug|Any CPU.ActiveCfg = Debug|Any CPU
		{E58BBC2F-8F3A-4B40-B085-BB1635C825DB}.Debug|Any CPU.Build.0 = Debug|Any CPU
		{E58BBC2F-8F3A-4B40-B085-BB1635C825DB}.Release|Any CPU.ActiveCfg = Release|Any CPU
		{E58BBC2F-8F3A-4B40-B085-BB1635C825DB}.Release|Any CPU.Build.0 = Release|Any CPU
		{DF621991-9056-4A68-8E96-3CE5BB795106}.Debug|Any CPU.ActiveCfg = Debug|Any CPU
		{DF621991-9056-4A68-8E96-3CE5BB795106}.Debug|Any CPU.Build.0 = Debug|Any CPU
		{DF621991-9056-4A68-8E96-3CE5BB795106}.Release|Any CPU.ActiveCfg = Release|Any CPU
		{DF621991-9056-4A68-8E96-3CE5BB795106}.Release|Any CPU.Build.0 = Release|Any CPU
		{01121491-7E33-4380-A368-AAB103588685}.Debug|Any CPU.ActiveCfg = Debug|Any CPU
		{01121491-7E33-4380-A368-AAB103588685}.Debug|Any CPU.Build.0 = Debug|Any CPU
		{01121491-7E33-4380-A368-AAB103588685}.Release|Any CPU.ActiveCfg = Release|Any CPU
		{01121491-7E33-4380-A368-AAB103588685}.Release|Any CPU.Build.0 = Release|Any CPU
		{BEA41749-FDE3-455D-AF4B-E794233D1B25}.Debug|Any CPU.ActiveCfg = Debug|Any CPU
		{BEA41749-FDE3-455D-AF4B-E794233D1B25}.Debug|Any CPU.Build.0 = Debug|Any CPU
		{BEA41749-FDE3-455D-AF4B-E794233D1B25}.Release|Any CPU.ActiveCfg = Release|Any CPU
		{BEA41749-FDE3-455D-AF4B-E794233D1B25}.Release|Any CPU.Build.0 = Release|Any CPU
		{7E3B569B-2208-42A9-A818-C4315D652E58}.Debug|Any CPU.ActiveCfg = Debug|Any CPU
		{7E3B569B-2208-42A9-A818-C4315D652E58}.Debug|Any CPU.Build.0 = Debug|Any CPU
		{7E3B569B-2208-42A9-A818-C4315D652E58}.Release|Any CPU.ActiveCfg = Release|Any CPU
		{7E3B569B-2208-42A9-A818-C4315D652E58}.Release|Any CPU.Build.0 = Release|Any CPU
		{E826960C-C79E-4784-BC24-D46CEFF06273}.Debug|Any CPU.ActiveCfg = Debug|Any CPU
		{E826960C-C79E-4784-BC24-D46CEFF06273}.Debug|Any CPU.Build.0 = Debug|Any CPU
		{E826960C-C79E-4784-BC24-D46CEFF06273}.Release|Any CPU.ActiveCfg = Release|Any CPU
		{E826960C-C79E-4784-BC24-D46CEFF06273}.Release|Any CPU.Build.0 = Release|Any CPU
		{EB595EDC-EAF8-40DE-BFD9-83E36878BFD2}.Debug|Any CPU.ActiveCfg = Debug|Any CPU
		{EB595EDC-EAF8-40DE-BFD9-83E36878BFD2}.Debug|Any CPU.Build.0 = Debug|Any CPU
		{EB595EDC-EAF8-40DE-BFD9-83E36878BFD2}.Release|Any CPU.ActiveCfg = Release|Any CPU
		{EB595EDC-EAF8-40DE-BFD9-83E36878BFD2}.Release|Any CPU.Build.0 = Release|Any CPU
		{E4F8680E-A959-4E97-8B5F-107B75E83278}.Debug|Any CPU.ActiveCfg = Debug|Any CPU
		{E4F8680E-A959-4E97-8B5F-107B75E83278}.Debug|Any CPU.Build.0 = Debug|Any CPU
		{E4F8680E-A959-4E97-8B5F-107B75E83278}.Release|Any CPU.ActiveCfg = Release|Any CPU
		{E4F8680E-A959-4E97-8B5F-107B75E83278}.Release|Any CPU.Build.0 = Release|Any CPU
	EndGlobalSection
	GlobalSection(SolutionProperties) = preSolution
		HideSolutionNode = FALSE
	EndGlobalSection
	GlobalSection(NestedProjects) = preSolution
		{63770025-93C0-4256-AEAA-01296FF849DA} = {9A8C2A2D-98B6-4CD9-BAE3-538C6B45AF31}
		{AADA03B5-CB00-4759-A341-C84DC73C336F} = {63770025-93C0-4256-AEAA-01296FF849DA}
		{592FA111-4488-4765-BC1C-6DA92985BEF5} = {63770025-93C0-4256-AEAA-01296FF849DA}
		{ECC0EA59-BC8A-4C1F-82C1-B5A4D3792710} = {63770025-93C0-4256-AEAA-01296FF849DA}
		{2E84C6C4-0C61-4A9F-995E-A118C7F7AD64} = {63770025-93C0-4256-AEAA-01296FF849DA}
		{F415ECB4-1FFA-4A1D-A979-E3F5A993DC06} = {9A8C2A2D-98B6-4CD9-BAE3-538C6B45AF31}
		{68250868-B947-4252-8C2C-5FE7CD4C8EE2} = {F415ECB4-1FFA-4A1D-A979-E3F5A993DC06}
		{A7E841C1-700E-4ED1-BC87-EA38FB7CAEEA} = {F415ECB4-1FFA-4A1D-A979-E3F5A993DC06}
		{3A9137A3-7987-43B5-B293-A5024F817A28} = {F415ECB4-1FFA-4A1D-A979-E3F5A993DC06}
		{E58BBC2F-8F3A-4B40-B085-BB1635C825DB} = {F415ECB4-1FFA-4A1D-A979-E3F5A993DC06}
		{DF621991-9056-4A68-8E96-3CE5BB795106} = {F415ECB4-1FFA-4A1D-A979-E3F5A993DC06}
		{01121491-7E33-4380-A368-AAB103588685} = {8EFA7B79-D7FF-4C93-ABE5-CC2EAB72A739}
		{BEA41749-FDE3-455D-AF4B-E794233D1B25} = {8EFA7B79-D7FF-4C93-ABE5-CC2EAB72A739}
		{7E3B569B-2208-42A9-A818-C4315D652E58} = {8EFA7B79-D7FF-4C93-ABE5-CC2EAB72A739}
		{E826960C-C79E-4784-BC24-D46CEFF06273} = {8EFA7B79-D7FF-4C93-ABE5-CC2EAB72A739}
		{EB595EDC-EAF8-40DE-BFD9-83E36878BFD2} = {8EFA7B79-D7FF-4C93-ABE5-CC2EAB72A739}
		{E4F8680E-A959-4E97-8B5F-107B75E83278} = {8EFA7B79-D7FF-4C93-ABE5-CC2EAB72A739}
	EndGlobalSection
	GlobalSection(ExtensibilityGlobals) = postSolution
		SolutionGuid = {6869ED7F-5651-40AF-BF15-AC057B3E7313}
	EndGlobalSection
EndGlobal
